# This file is generated by running "yarn install" inside your project.
# Manual changes might be lost - proceed with caution!

__metadata:
  version: 7
  cacheKey: 9

"@octokit/auth-token@npm:^2.4.4":
  version: 2.5.0
  resolution: "@octokit/auth-token@npm:2.5.0"
  dependencies:
    "@octokit/types": "npm:^6.0.3"
  checksum: 6c24cf0394f89b883055fc1f48f164335c61e897e9396fe155fe92fbb0559df0b1de8c63d496623168b99a96fadd8dcf9e1bedabcfb103f83e23418b191d9e7c
  languageName: node
  linkType: hard

"@octokit/core@npm:^3.5.1":
  version: 3.6.0
  resolution: "@octokit/core@npm:3.6.0"
  dependencies:
    "@octokit/auth-token": "npm:^2.4.4"
    "@octokit/graphql": "npm:^4.5.8"
    "@octokit/request": "npm:^5.6.3"
    "@octokit/request-error": "npm:^2.0.5"
    "@octokit/types": "npm:^6.0.3"
    before-after-hook: "npm:^2.2.0"
    universal-user-agent: "npm:^6.0.0"
  checksum: 91ba1df7a57208ba0fc25fcbab6bce2cc7a144282edfd34c504fe6594fc73eee0a81bc06c3c993301b2db9835fdfb6ed13913312fe11b10d80d17634f6cf4570
  languageName: node
  linkType: hard

"@octokit/endpoint@npm:^6.0.1":
  version: 6.0.12
  resolution: "@octokit/endpoint@npm:6.0.12"
  dependencies:
    "@octokit/types": "npm:^6.0.3"
    is-plain-object: "npm:^5.0.0"
    universal-user-agent: "npm:^6.0.0"
  checksum: c0a7abd87243b7f5f22d6cee3e309952d08d1808c94dd7e60d40aa91111098b9b1c8e2f927bc85b831d6853fa215cbbdbbf807976dc2f40e83605ca1afea5e23
  languageName: node
  linkType: hard

"@octokit/graphql@npm:^4.5.8":
  version: 4.8.0
  resolution: "@octokit/graphql@npm:4.8.0"
  dependencies:
    "@octokit/request": "npm:^5.6.0"
    "@octokit/types": "npm:^6.0.3"
    universal-user-agent: "npm:^6.0.0"
  checksum: 2b5b402af70cefd29bf16bc971cc8a345587dcfa92aa39df798042e968a34a5350cf7a96b24ab74a82eb1be5b6f9e38fd3213a58b564c6acedd39272522e394c
  languageName: node
  linkType: hard

"@octokit/openapi-types@npm:^12.11.0":
  version: 12.11.0
  resolution: "@octokit/openapi-types@npm:12.11.0"
  checksum: cec1e031fc1764afd7dd5e7211bd1fb430d9ed4e1409ee5955a375921ce757705bb711797536a77f732ea12e8ee9a1324c7012dbac54c8bc63b25ebc063f501b
  languageName: node
  linkType: hard

"@octokit/request-error@npm:^2.0.5, @octokit/request-error@npm:^2.1.0":
  version: 2.1.0
  resolution: "@octokit/request-error@npm:2.1.0"
  dependencies:
    "@octokit/types": "npm:^6.0.3"
    deprecation: "npm:^2.0.0"
    once: "npm:^1.4.0"
  checksum: 47264d6e03aff8e5c6773c7ba3151f0765dd852b0479582d07e4acf2ec7761b3de49f8ca2fef3b9c68b44d64d197b4d0c080840969ab2a00eaade38fbb5616d4
  languageName: node
  linkType: hard

"@octokit/request@npm:^5.6.0, @octokit/request@npm:^5.6.3":
  version: 5.6.3
  resolution: "@octokit/request@npm:5.6.3"
  dependencies:
    "@octokit/endpoint": "npm:^6.0.1"
    "@octokit/request-error": "npm:^2.1.0"
    "@octokit/types": "npm:^6.16.1"
    is-plain-object: "npm:^5.0.0"
    node-fetch: "npm:^2.6.7"
    universal-user-agent: "npm:^6.0.0"
  checksum: 05c73ff2386cefee5359cba80eb12c55936260629de8da5c7359d2fe2928a5bfc198f69c54bc705e53814471c66712a6ae33dbb6d5069deb2f5d31757e85f8cf
  languageName: node
  linkType: hard

"@octokit/types@npm:^6.0.3, @octokit/types@npm:^6.16.1":
  version: 6.41.0
  resolution: "@octokit/types@npm:6.41.0"
  dependencies:
    "@octokit/openapi-types": "npm:^12.11.0"
  checksum: 05c2d20e08578dbd5978e640a55282cbbb8ed0cbdc6ea3707b20572bac4e32a2ca70f9d5c4589fc6d87dd3fee677039a8fab51f1ecce626e519a4b520e2ce9e4
  languageName: node
  linkType: hard

"at-least-node@npm:^1.0.0":
  version: 1.0.0
  resolution: "at-least-node@npm:1.0.0"
  checksum: fed1be4307a3752f3a863a6e0219c58fe6838ee95c77ecafffd2a72bbfe4ff33695777e4bffe2a095ef5671c638b803a55e0d39a728c7b0afa9adaa5900444bd
  languageName: node
  linkType: hard

"before-after-hook@npm:^2.2.0":
  version: 2.2.3
  resolution: "before-after-hook@npm:2.2.3"
  checksum: b4606e993ca0d5a613c341098414b6641f7404b4e5eea10b34ffd38b2b33307700758df3578a3fdd6bd56843dcf966dd3b65e94793982414b6f51f1ba571b15d
  languageName: node
  linkType: hard

"deprecation@npm:^2.0.0":
  version: 2.3.1
  resolution: "deprecation@npm:2.3.1"
  checksum: 4bea60628946a5525bfc9c550e9e2ce34e389128938618f0929b6bed856032a70f82e03231044ce14f7f974d65dddb31bbf0252dd70878d13fe7d83969bcc326
  languageName: node
  linkType: hard

"fs-extra@npm:^9.0.1":
  version: 9.1.0
  resolution: "fs-extra@npm:9.1.0"
  dependencies:
    at-least-node: "npm:^1.0.0"
    graceful-fs: "npm:^4.2.0"
    jsonfile: "npm:^6.0.1"
    universalify: "npm:^2.0.0"
  checksum: fc8ff3111ca42a4a3118e63247b1ebe4fbe4abc6daed2d51414699efb5661a2b9aeeb1b9283cb63544011a50b8f59c315e53b06d9c1b38a7786be99f8e59dabb
  languageName: node
  linkType: hard

"graceful-fs@npm:^4.1.11, graceful-fs@npm:^4.1.6, graceful-fs@npm:^4.2.0":
  version: 4.2.10
  resolution: "graceful-fs@npm:4.2.10"
  checksum: 6b5f9b5aeaee0459b9c37bdbf9624f788703ce291d6bf2d7751f5003942e853f232ca613aec818d1ff7622379bc8b434c635bfda99db93e0b9b8da80ec3d844d
  languageName: node
  linkType: hard

"is-plain-object@npm:^5.0.0":
  version: 5.0.0
  resolution: "is-plain-object@npm:5.0.0"
  checksum: fd152d0cadce30fc41b1294e5e63a6bc696a82102828d77e63cf9eb01510c011c9c2ca432babb372356ac24ec164427ecf0c9633a4ea044b4de18d92be013700
  languageName: node
  linkType: hard

"jsonfile@npm:^6.0.1":
  version: 6.1.0
  resolution: "jsonfile@npm:6.1.0"
  dependencies:
    graceful-fs: "npm:^4.1.6"
    universalify: "npm:^2.0.0"
  dependenciesMeta:
    graceful-fs:
      optional: true
  checksum: d1fe80d443f7b3257aef1ef918231c9cf8a57127f004f74232869dfa408188b6ccf9d8a6724f7dbf7a6797355969cacfe1f2a16779f4ec636999bfaa876c13b0
  languageName: node
  linkType: hard

"klaw-sync@npm:^6.0.0":
  version: 6.0.0
  resolution: "klaw-sync@npm:6.0.0"
  dependencies:
    graceful-fs: "npm:^4.1.11"
  checksum: 039ecfdc7f5fb10f7c2bfa372ce89f3553e481cb8791939a6f8a92afd3dcb5050120b70a667725a1e966f0dd83d17f7cc9069b8c6e16685767e112fb78ac4373
  languageName: node
  linkType: hard

"node-fetch@npm:^2.6.7":
  version: 2.6.7
  resolution: "node-fetch@npm:2.6.7"
  dependencies:
    whatwg-url: "npm:^5.0.0"
  peerDependencies:
    encoding: ^0.1.0
  peerDependenciesMeta:
    encoding:
      optional: true
  checksum: 05c03fe66f38b9e349e691caf121b693a91adb41ab59c3af17d2c5f9d2f8d927c30b428e7c8049b739c674db06171117ba9d10dc72d6a2cf35ba8901dfb4de83
  languageName: node
  linkType: hard

"once@npm:^1.4.0":
  version: 1.4.0
  resolution: "once@npm:1.4.0"
  dependencies:
    wrappy: "npm:1"
  checksum: 12d5c6ece331855387577e71c96ab5b60269390b131cf9403494206274fa520221c88f8b8d431d7227d080127730460da8907c402ab4142e592c34aacb5c9817
  languageName: node
  linkType: hard

"prettier@npm:^2.2.1":
  version: 2.8.1
  resolution: "prettier@npm:2.8.1"
  bin:
    prettier: bin-prettier.js
  checksum: 06a74a0f7aa5877a3912aeeeae3558014b10e438d945f88bd313222e75e7282eb7f41299d204353ec7d00b208377ddc36ffe4c7d2151f0502e783139b934d66d
  languageName: node
  linkType: hard

"root-workspace-0b6124@workspace:.":
  version: 0.0.0-use.local
  resolution: "root-workspace-0b6124@workspace:."
  dependencies:
    "@octokit/core": "npm:^3.5.1"
    fs-extra: "npm:^9.0.1"
    klaw-sync: "npm:^6.0.0"
    prettier: "npm:^2.2.1"
    yaml: "npm:^1.10.2"
  languageName: unknown
  linkType: soft

"tr46@npm:~0.0.3":
  version: 0.0.3
  resolution: "tr46@npm:0.0.3"
  checksum: c670667f2df1c0983b48ee7e81d6013ab304f73573e9e4292233821b2219504307bedffc303c32df30813a9138114b8b084c81dea94fb68f08aca7770af98578
  languageName: node
  linkType: hard

"universal-user-agent@npm:^6.0.0":
  version: 6.0.0
  resolution: "universal-user-agent@npm:6.0.0"
  checksum: c014b4d3bcedd8b5ffda7d3b730bec6dcf616963be696a20bac0f8d9c9307d494a07e186ef102a20cd038d7f76190faa3ad0256d11b7b26d12a080926cc871e6
  languageName: node
  linkType: hard

"universalify@npm:^2.0.0":
  version: 2.0.0
  resolution: "universalify@npm:2.0.0"
  checksum: 243b0697a640cda1912e62a79f9439ec24b937df9a9a47ee7dd5fe813c4547300a3dc346e0c7c10dbd925f54a19507e8de915f2562a5e694716bdcd0825d48f6
  languageName: node
  linkType: hard

"webidl-conversions@npm:^3.0.0":
  version: 3.0.1
  resolution: "webidl-conversions@npm:3.0.1"
  checksum: 57c8c5fdd986be5432ea6adacd87d6757144289d3b48b33441e7310bd4f4f6d782dd34acbd74d61e923c142cc50333d27ba58235692fa7248541c0bcce2563e1
  languageName: node
  linkType: hard

"whatwg-url@npm:^5.0.0":
  version: 5.0.0
  resolution: "whatwg-url@npm:5.0.0"
  dependencies:
    tr46: "npm:~0.0.3"
    webidl-conversions: "npm:^3.0.0"
  checksum: bd0cc6b75b84b3d032e30712e2f40eefbc07ecd14f093e87b2f81bb68bce10a3961e8eb646a7a8cc9c2352548fb501eeff668c8b2595fd7c6ea91d1406ce11ee
  languageName: node
  linkType: hard

"wrappy@npm:1":
  version: 1.0.2
  resolution: "wrappy@npm:1.0.2"
  checksum: 37d243a577dfeee20586eae1e3208dfb4e4cea1211a2a4116a19b50d91e619ff3dbc5ec934e28ca9baaa11a65df826c8d65c5fd1bb81f0ce0dadb469d47061c2
  languageName: node
  linkType: hard

"yaml@npm:^1.10.2":
  version: 1.10.2
  resolution: "yaml@npm:1.10.2"
  checksum: d6f04384bdf1105256581aef39991f825e358f3f48f081974b0e0f39ff5240c60ccafb5842cb79d1287517efa2b9ee172c702f2e4855ba6cc46948b40a43aa6e
  languageName: node
  linkType: hard
